
Microsoft Visual Studio Solution File, Format Version 12.00
# Visual Studio 15
VisualStudioVersion = 15.0.28307.1259
MinimumVisualStudioVersion = 10.0.40219.1
Project("{9A19103F-16F7-4668-BE54-9A1E7A4F7556}") = "TheTestAssignmentTEST", "TheTestAssignmentTEST\TheTestAssignmentTEST.csproj", "{981807BB-1E03-4EAE-A498-D28992B53487}"
EndProject
Global
	GlobalSection(SolutionConfigurationPlatforms) = preSolution
		Debug|Any CPU = Debug|Any CPU
		Release|Any CPU = Release|Any CPU
	EndGlobalSection
	GlobalSection(ProjectConfigurationPlatforms) = postSolution
		{981807BB-1E03-4EAE-A498-D28992B53487}.Debug|Any CPU.ActiveCfg = Debug|Any CPU
		{981807BB-1E03-4EAE-A498-D28992B53487}.Debug|Any CPU.Build.0 = Debug|Any CPU
		{981807BB-1E03-4EAE-A498-D28992B53487}.Release|Any CPU.ActiveCfg = Release|Any CPU
		{981807BB-1E03-4EAE-A498-D28992B53487}.Release|Any CPU.Build.0 = Release|Any CPU
	EndGlobalSection
	GlobalSection(SolutionProperties) = preSolution
		HideSolutionNode = FALSE
	EndGlobalSection
	GlobalSection(ExtensibilityGlobals) = postSolution
		SolutionGuid = {4D6675CB-9C3E-48DB-91D3-F8A16754608D}
	EndGlobalSection
EndGlobal
